
Microsoft Visual Studio Solution File, Format Version 12.00
# Visual Studio 15
VisualStudioVersion = 15.0.27130.2027
MinimumVisualStudioVersion = 10.0.40219.1
Project("{FAE04EC0-301F-11D3-BF4B-00C04F79EFBC}") = "XKM-P Nebulous API", "XKM-P Nebulous API\XKM-P Nebulous API.csproj", "{309A6E82-2093-400E-9AB5-BF5AC34BAFDF}"
EndProject
Global
	GlobalSection(SolutionConfigurationPlatforms) = preSolution
		Debug|Any CPU = Debug|Any CPU
		Release|Any CPU = Release|Any CPU
	EndGlobalSection
	GlobalSection(ProjectConfigurationPlatforms) = postSolution
		{309A6E82-2093-400E-9AB5-BF5AC34BAFDF}.Debug|Any CPU.ActiveCfg = Debug|Any CPU
		{309A6E82-2093-400E-9AB5-BF5AC34BAFDF}.Debug|Any CPU.Build.0 = Debug|Any CPU
		{309A6E82-2093-400E-9AB5-BF5AC34BAFDF}.Release|Any CPU.ActiveCfg = Release|Any CPU
		{309A6E82-2093-400E-9AB5-BF5AC34BAFDF}.Release|Any CPU.Build.0 = Release|Any CPU
	EndGlobalSection
	GlobalSection(SolutionProperties) = preSolution
		HideSolutionNode = FALSE
	EndGlobalSection
	GlobalSection(ExtensibilityGlobals) = postSolution
		SolutionGuid = {CED6E64A-DCB6-4573-8E24-54CBC59F94C8}
	EndGlobalSection
EndGlobal
